// !$*UTF8*$!
{
	archiveVersion = 1;
	classes = {
	};
	objectVersion = 77;
	objects = {

/* Begin PBXBuildFile section */
		AAC996272E585849008E1D30 /* .gitignore in Resources */ = {isa = PBXBuildFile; fileRef = AAC996142E585849008E1D30 /* .gitignore */; };
/* End PBXBuildFile section */

/* Begin PBXContainerItemProxy section */
		AAD654E32E4B0FD60096A1E7 /* PBXContainerItemProxy */ = {
			isa = PBXContainerItemProxy;
			containerPortal = AAD654CD2E4B0FD40096A1E7 /* Project object */;
			proxyType = 1;
			remoteGlobalIDString = AAD654D42E4B0FD40096A1E7;
			remoteInfo = Beri;
		};
		AAD654ED2E4B0FD60096A1E7 /* PBXContainerItemProxy */ = {
			isa = PBXContainerItemProxy;
			containerPortal = AAD654CD2E4B0FD40096A1E7 /* Project object */;
			proxyType = 1;
			remoteGlobalIDString = AAD654D42E4B0FD40096A1E7;
			remoteInfo = Beri;
		};
/* End PBXContainerItemProxy section */

/* Begin PBXCopyFilesBuildPhase section */
		AAD655D22E51A5D00096A1E7 /* Embed Foundation Extensions */ = {
			isa = PBXCopyFilesBuildPhase;
			buildActionMask = 2147483647;
			dstPath = "";
			dstSubfolderSpec = 13;
			files = (
			);
			name = "Embed Foundation Extensions";
			runOnlyForDeploymentPostprocessing = 0;
		};
/* End PBXCopyFilesBuildPhase section */

/* Begin PBXFileReference section */
		AAC996142E585849008E1D30 /* .gitignore */ = {isa = PBXFileReference; lastKnownFileType = text; path = .gitignore; sourceTree = "<group>"; };
		AAD654D52E4B0FD40096A1E7 /* Beri.app */ = {isa = PBXFileReference; explicitFileType = wrapper.application; includeInIndex = 0; path = Beri.app; sourceTree = BUILT_PRODUCTS_DIR; };
		AAD654E22E4B0FD60096A1E7 /* BeriTests.xctest */ = {isa = PBXFileReference; explicitFileType = wrapper.cfbundle; includeInIndex = 0; path = BeriTests.xctest; sourceTree = BUILT_PRODUCTS_DIR; };
		AAD654EC2E4B0FD60096A1E7 /* BeriUITests.xctest */ = {isa = PBXFileReference; explicitFileType = wrapper.cfbundle; includeInIndex = 0; path = BeriUITests.xctest; sourceTree = BUILT_PRODUCTS_DIR; };
		AAD655B92E51A5CD0096A1E7 /* WidgetKit.framework */ = {isa = PBXFileReference; lastKnownFileType = wrapper.framework; name = WidgetKit.framework; path = System/Library/Frameworks/WidgetKit.framework; sourceTree = SDKROOT; };
		AAD655BB2E51A5CE0096A1E7 /* SwiftUI.framework */ = {isa = PBXFileReference; lastKnownFileType = wrapper.framework; name = SwiftUI.framework; path = System/Library/Frameworks/SwiftUI.framework; sourceTree = SDKROOT; };
/* End PBXFileReference section */

/* Begin PBXFileSystemSynchronizedRootGroup section */
		AAD654D72E4B0FD40096A1E7 /* Beri */ = {
			isa = PBXFileSystemSynchronizedRootGroup;
			path = Beri;
			sourceTree = "<group>";
		};
		AAD654E52E4B0FD60096A1E7 /* BeriTests */ = {
			isa = PBXFileSystemSynchronizedRootGroup;
			path = BeriTests;
			sourceTree = "<group>";
		};
		AAD654EF2E4B0FD60096A1E7 /* BeriUITests */ = {
			isa = PBXFileSystemSynchronizedRootGroup;
			path = BeriUITests;
			sourceTree = "<group>";
		};
/* End PBXFileSystemSynchronizedRootGroup section */

/* Begin PBXFrameworksBuildPhase section */
		AAD654D22E4B0FD40096A1E7 /* Frameworks */ = {
			isa = PBXFrameworksBuildPhase;
			buildActionMask = 2147483647;
			files = (
			);
			runOnlyForDeploymentPostprocessing = 0;
		};
		AAD654DF2E4B0FD60096A1E7 /* Frameworks */ = {
			isa = PBXFrameworksBuildPhase;
			buildActionMask = 2147483647;
			files = (
			);
			runOnlyForDeploymentPostprocessing = 0;
		};
		AAD654E92E4B0FD60096A1E7 /* Frameworks */ = {
			isa = PBXFrameworksBuildPhase;
			buildActionMask = 2147483647;
			files = (
			);
			runOnlyForDeploymentPostprocessing = 0;
		};
/* End PBXFrameworksBuildPhase section */

/* Begin PBXGroup section */
		AAD654CC2E4B0FD40096A1E7 = {
			isa = PBXGroup;
			children = (
				AAC996142E585849008E1D30 /* .gitignore */,
				AAD654D72E4B0FD40096A1E7 /* Beri */,
				AAD654E52E4B0FD60096A1E7 /* BeriTests */,
				AAD654EF2E4B0FD60096A1E7 /* BeriUITests */,
				AAD655B82E51A5CD0096A1E7 /* Frameworks */,
				AAD654D62E4B0FD40096A1E7 /* Products */,
			);
			sourceTree = "<group>";
		};
		AAD654D62E4B0FD40096A1E7 /* Products */ = {
			isa = PBXGroup;
			children = (
				AAD654D52E4B0FD40096A1E7 /* Beri.app */,
				AAD654E22E4B0FD60096A1E7 /* BeriTests.xctest */,
				AAD654EC2E4B0FD60096A1E7 /* BeriUITests.xctest */,
			);
			name = Products;
			sourceTree = "<group>";
		};
		AAD655B82E51A5CD0096A1E7 /* Frameworks */ = {
			isa = PBXGroup;
			children = (
				AAD655B92E51A5CD0096A1E7 /* WidgetKit.framework */,
				AAD655BB2E51A5CE0096A1E7 /* SwiftUI.framework */,
			);
			name = Frameworks;
			sourceTree = "<group>";
		};
/* End PBXGroup section */

/* Begin PBXNativeTarget section */
		AAD654D42E4B0FD40096A1E7 /* Beri */ = {
			isa = PBXNativeTarget;
			buildConfigurationList = AAD654F62E4B0FD60096A1E7 /* Build configuration list for PBXNativeTarget "Beri" */;
			buildPhases = (
				AAD654D12E4B0FD40096A1E7 /* Sources */,
				AAD654D22E4B0FD40096A1E7 /* Frameworks */,
				AAD654D32E4B0FD40096A1E7 /* Resources */,
				AAD655D22E51A5D00096A1E7 /* Embed Foundation Extensions */,
			);
			buildRules = (
			);
			dependencies = (
			);
			fileSystemSynchronizedGroups = (
				AAD654D72E4B0FD40096A1E7 /* Beri */,
			);
			name = Beri;
			packageProductDependencies = (
			);
			productName = Beri;
			productReference = AAD654D52E4B0FD40096A1E7 /* Beri.app */;
			productType = "com.apple.product-type.application";
		};
		AAD654E12E4B0FD60096A1E7 /* BeriTests */ = {
			isa = PBXNativeTarget;
			buildConfigurationList = AAD654F92E4B0FD60096A1E7 /* Build configuration list for PBXNativeTarget "BeriTests" */;
			buildPhases = (
				AAD654DE2E4B0FD60096A1E7 /* Sources */,
				AAD654DF2E4B0FD60096A1E7 /* Frameworks */,
				AAD654E02E4B0FD60096A1E7 /* Resources */,
			);
			buildRules = (
			);
			dependencies = (
				AAD654E42E4B0FD60096A1E7 /* PBXTargetDependency */,
			);
			fileSystemSynchronizedGroups = (
				AAD654E52E4B0FD60096A1E7 /* BeriTests */,
			);
			name = BeriTests;
			packageProductDependencies = (
			);
			productName = BeriTests;
			productReference = AAD654E22E4B0FD60096A1E7 /* BeriTests.xctest */;
			productType = "com.apple.product-type.bundle.unit-test";
		};
		AAD654EB2E4B0FD60096A1E7 /* BeriUITests */ = {
			isa = PBXNativeTarget;
			buildConfigurationList = AAD654FC2E4B0FD60096A1E7 /* Build configuration list for PBXNativeTarget "BeriUITests" */;
			buildPhases = (
				AAD654E82E4B0FD60096A1E7 /* Sources */,
				AAD654E92E4B0FD60096A1E7 /* Frameworks */,
				AAD654EA2E4B0FD60096A1E7 /* Resources */,
			);
			buildRules = (
			);
			dependencies = (
				AAD654EE2E4B0FD60096A1E7 /* PBXTargetDependency */,
			);
			fileSystemSynchronizedGroups = (
				AAD654EF2E4B0FD60096A1E7 /* BeriUITests */,
			);
			name = BeriUITests;
			packageProductDependencies = (
			);
			productName = BeriUITests;
			productReference = AAD654EC2E4B0FD60096A1E7 /* BeriUITests.xctest */;
			productType = "com.apple.product-type.bundle.ui-testing";
		};
/* End PBXNativeTarget section */

/* Begin PBXProject section */
		AAD654CD2E4B0FD40096A1E7 /* Project object */ = {
			isa = PBXProject;
			attributes = {
				BuildIndependentTargetsInParallel = 1;
				LastSwiftUpdateCheck = 1630;
				LastUpgradeCheck = 1630;
				TargetAttributes = {
					AAD654D42E4B0FD40096A1E7 = {
						CreatedOnToolsVersion = 16.3;
					};
					AAD654E12E4B0FD60096A1E7 = {
						CreatedOnToolsVersion = 16.3;
						TestTargetID = AAD654D42E4B0FD40096A1E7;
					};
					AAD654EB2E4B0FD60096A1E7 = {
						CreatedOnToolsVersion = 16.3;
						TestTargetID = AAD654D42E4B0FD40096A1E7;
					};
				};
			};
			buildConfigurationList = AAD654D02E4B0FD40096A1E7 /* Build configuration list for PBXProject "Beri" */;
			developmentRegion = en;
			hasScannedForEncodings = 0;
			knownRegions = (
				en,
				Base,
			);
			mainGroup = AAD654CC2E4B0FD40096A1E7;
			minimizedProjectReferenceProxies = 1;
			preferredProjectObjectVersion = 77;
			productRefGroup = AAD654D62E4B0FD40096A1E7 /* Products */;
			projectDirPath = "";
			projectRoot = "";
			targets = (
				AAD654D42E4B0FD40096A1E7 /* Beri */,
				AAD654E12E4B0FD60096A1E7 /* BeriTests */,
				AAD654EB2E4B0FD60096A1E7 /* BeriUITests */,
			);
		};
/* End PBXProject section */

/* Begin PBXResourcesBuildPhase section */
		AAD654D32E4B0FD40096A1E7 /* Resources */ = {
			isa = PBXResourcesBuildPhase;
			buildActionMask = 2147483647;
			files = (
				AAC996272E585849008E1D30 /* .gitignore in Resources */,
			);
			runOnlyForDeploymentPostprocessing = 0;
		};
		AAD654E02E4B0FD60096A1E7 /* Resources */ = {
			isa = PBXResourcesBuildPhase;
			buildActionMask = 2147483647;
			files = (
			);
			runOnlyForDeploymentPostprocessing = 0;
		};
		AAD654EA2E4B0FD60096A1E7 /* Resources */ = {
			isa = PBXResourcesBuildPhase;
			buildActionMask = 2147483647;
			files = (
			);
			runOnlyForDeploymentPostprocessing = 0;
		};
/* End PBXResourcesBuildPhase section */

/* Begin PBXSourcesBuildPhase section */
		AAD654D12E4B0FD40096A1E7 /* Sources */ = {
			isa = PBXSourcesBuildPhase;
			buildActionMask = 2147483647;
			files = (
			);
			runOnlyForDeploymentPostprocessing = 0;
		};
		AAD654DE2E4B0FD60096A1E7 /* Sources */ = {
			isa = PBXSourcesBuildPhase;
			buildActionMask = 2147483647;
			files = (
			);
			runOnlyForDeploymentPostprocessing = 0;
		};
		AAD654E82E4B0FD60096A1E7 /* Sources */ = {
			isa = PBXSourcesBuildPhase;
			buildActionMask = 2147483647;
			files = (
			);
			runOnlyForDeploymentPostprocessing = 0;
		};
/* End PBXSourcesBuildPhase section */

/* Begin PBXTargetDependency section */
		AAD654E42E4B0FD60096A1E7 /* PBXTargetDependency */ = {
			isa = PBXTargetDependency;
			target = AAD654D42E4B0FD40096A1E7 /* Beri */;
			targetProxy = AAD654E32E4B0FD60096A1E7 /* PBXContainerItemProxy */;
		};
		AAD654EE2E4B0FD60096A1E7 /* PBXTargetDependency */ = {
			isa = PBXTargetDependency;
			target = AAD654D42E4B0FD40096A1E7 /* Beri */;
			targetProxy = AAD654ED2E4B0FD60096A1E7 /* PBXContainerItemProxy */;
		};
/* End PBXTargetDependency section */

/* Begin XCBuildConfiguration section */
		AAD654F42E4B0FD60096A1E7 /* Debug */ = {
			isa = XCBuildConfiguration;
			buildSettings = {
				ALWAYS_SEARCH_USER_PATHS = NO;
				ASSETCATALOG_COMPILER_GENERATE_SWIFT_ASSET_SYMBOL_EXTENSIONS = YES;
				CLANG_ANALYZER_NONNULL = YES;
				CLANG_ANALYZER_NUMBER_OBJECT_CONVERSION = YES_AGGRESSIVE;
				CLANG_CXX_LANGUAGE_STANDARD = "gnu++20";
				CLANG_ENABLE_MODULES = YES;
				CLANG_ENABLE_OBJC_ARC = YES;
				CLANG_ENABLE_OBJC_WEAK = YES;
				CLANG_WARN_BLOCK_CAPTURE_AUTORELEASING = YES;
				CLANG_WARN_BOOL_CONVERSION = YES;
				CLANG_WARN_COMMA = YES;
				CLANG_WARN_CONSTANT_CONVERSION = YES;
				CLANG_WARN_DEPRECATED_OBJC_IMPLEMENTATIONS = YES;
				CLANG_WARN_DIRECT_OBJC_ISA_USAGE = YES_ERROR;
				CLANG_WARN_DOCUMENTATION_COMMENTS = YES;
				CLANG_WARN_EMPTY_BODY = YES;
				CLANG_WARN_ENUM_CONVERSION = YES;
				CLANG_WARN_INFINITE_RECURSION = YES;
				CLANG_WARN_INT_CONVERSION = YES;
				CLANG_WARN_NON_LITERAL_NULL_CONVERSION = YES;
				CLANG_WARN_OBJC_IMPLICIT_RETAIN_SELF = YES;
				CLANG_WARN_OBJC_LITERAL_CONVERSION = YES;
				CLANG_WARN_OBJC_ROOT_CLASS = YES_ERROR;
				CLANG_WARN_QUOTED_INCLUDE_IN_FRAMEWORK_HEADER = YES;
				CLANG_WARN_RANGE_LOOP_ANALYSIS = YES;
				CLANG_WARN_STRICT_PROTOTYPES = YES;
				CLANG_WARN_SUSPICIOUS_MOVE = YES;
				CLANG_WARN_UNGUARDED_AVAILABILITY = YES_AGGRESSIVE;
				CLANG_WARN_UNREACHABLE_CODE = YES;
				CLANG_WARN__DUPLICATE_METHOD_MATCH = YES;
				COPY_PHASE_STRIP = NO;
				DEBUG_INFORMATION_FORMAT = dwarf;
				DEVELOPMENT_TEAM = CC45F3G586;
				ENABLE_STRICT_OBJC_MSGSEND = YES;
				ENABLE_TESTABILITY = YES;
				ENABLE_USER_SCRIPT_SANDBOXING = YES;
				GCC_C_LANGUAGE_STANDARD = gnu17;
				GCC_DYNAMIC_NO_PIC = NO;
				GCC_NO_COMMON_BLOCKS = YES;
				GCC_OPTIMIZATION_LEVEL = 0;
				GCC_PREPROCESSOR_DEFINITIONS = (
					"DEBUG=1",
					"$(inherited)",
				);
				GCC_WARN_64_TO_32_BIT_CONVERSION = YES;
				GCC_WARN_ABOUT_RETURN_TYPE = YES_ERROR;
				GCC_WARN_UNDECLARED_SELECTOR = YES;
				GCC_WARN_UNINITIALIZED_AUTOS = YES_AGGRESSIVE;
				GCC_WARN_UNUSED_FUNCTION = YES;
				GCC_WARN_UNUSED_VARIABLE = YES;
				IPHONEOS_DEPLOYMENT_TARGET = 18.4;
				LOCALIZATION_PREFERS_STRING_CATALOGS = YES;
				MTL_ENABLE_DEBUG_INFO = INCLUDE_SOURCE;
				MTL_FAST_MATH = YES;
				ONLY_ACTIVE_ARCH = YES;
				SDKROOT = iphoneos;
				SWIFT_ACTIVE_COMPILATION_CONDITIONS = "DEBUG $(inherited)";
				SWIFT_OPTIMIZATION_LEVEL = "-Onone";
			};
			name = Debug;
		};
		AAD654F52E4B0FD60096A1E7 /* Release */ = {
			isa = XCBuildConfiguration;
			buildSettings = {
				ALWAYS_SEARCH_USER_PATHS = NO;
				ASSETCATALOG_COMPILER_GENERATE_SWIFT_ASSET_SYMBOL_EXTENSIONS = YES;
				CLANG_ANALYZER_NONNULL = YES;
				CLANG_ANALYZER_NUMBER_OBJECT_CONVERSION = YES_AGGRESSIVE;
				CLANG_CXX_LANGUAGE_STANDARD = "gnu++20";
				CLANG_ENABLE_MODULES = YES;
				CLANG_ENABLE_OBJC_ARC = YES;
				CLANG_ENABLE_OBJC_WEAK = YES;
				CLANG_WARN_BLOCK_CAPTURE_AUTORELEASING = YES;
				CLANG_WARN_BOOL_CONVERSION = YES;
				CLANG_WARN_COMMA = YES;
				CLANG_WARN_CONSTANT_CONVERSION = YES;
				CLANG_WARN_DEPRECATED_OBJC_IMPLEMENTATIONS = YES;
				CLANG_WARN_DIRECT_OBJC_ISA_USAGE = YES_ERROR;
				CLANG_WARN_DOCUMENTATION_COMMENTS = YES;
				CLANG_WARN_EMPTY_BODY = YES;
				CLANG_WARN_ENUM_CONVERSION = YES;
				CLANG_WARN_INFINITE_RECURSION = YES;
				CLANG_WARN_INT_CONVERSION = YES;
				CLANG_WARN_NON_LITERAL_NULL_CONVERSION = YES;
				CLANG_WARN_OBJC_IMPLICIT_RETAIN_SELF = YES;
				CLANG_WARN_OBJC_LITERAL_CONVERSION = YES;
				CLANG_WARN_OBJC_ROOT_CLASS = YES_ERROR;
				CLANG_WARN_QUOTED_INCLUDE_IN_FRAMEWORK_HEADER = YES;
				CLANG_WARN_RANGE_LOOP_ANALYSIS = YES;
				CLANG_WARN_STRICT_PROTOTYPES = YES;
				CLANG_WARN_SUSPICIOUS_MOVE = YES;
				CLANG_WARN_UNGUARDED_AVAILABILITY = YES_AGGRESSIVE;
				CLANG_WARN_UNREACHABLE_CODE = YES;
				CLANG_WARN__DUPLICATE_METHOD_MATCH = YES;
				COPY_PHASE_STRIP = NO;
				DEBUG_INFORMATION_FORMAT = "dwarf-with-dsym";
				DEVELOPMENT_TEAM = CC45F3G586;
				ENABLE_NS_ASSERTIONS = NO;
				ENABLE_STRICT_OBJC_MSGSEND = YES;
				ENABLE_USER_SCRIPT_SANDBOXING = YES;
				GCC_C_LANGUAGE_STANDARD = gnu17;
				GCC_NO_COMMON_BLOCKS = YES;
				GCC_WARN_64_TO_32_BIT_CONVERSION = YES;
				GCC_WARN_ABOUT_RETURN_TYPE = YES_ERROR;
				GCC_WARN_UNDECLARED_SELECTOR = YES;
				GCC_WARN_UNINITIALIZED_AUTOS = YES_AGGRESSIVE;
				GCC_WARN_UNUSED_FUNCTION = YES;
				GCC_WARN_UNUSED_VARIABLE = YES;
				IPHONEOS_DEPLOYMENT_TARGET = 18.4;
				LOCALIZATION_PREFERS_STRING_CATALOGS = YES;
				MTL_ENABLE_DEBUG_INFO = NO;
				MTL_FAST_MATH = YES;
				SDKROOT = iphoneos;
				SWIFT_COMPILATION_MODE = wholemodule;
				VALIDATE_PRODUCT = YES;
			};
			name = Release;
		};
		AAD654F72E4B0FD60096A1E7 /* Debug */ = {
			isa = XCBuildConfiguration;
			buildSettings = {
				ASSETCATALOG_COMPILER_APPICON_NAME = AppIcon;
				ASSETCATALOG_COMPILER_GLOBAL_ACCENT_COLOR_NAME = AccentColor;
				CODE_SIGN_ENTITLEMENTS = Beri/Beri.entitlements;
				CODE_SIGN_STYLE = Automatic;
				CURRENT_PROJECT_VERSION = 1;
				DEVELOPMENT_TEAM = CC45F3G586;
				ENABLE_PREVIEWS = YES;
				GENERATE_INFOPLIST_FILE = YES;
				INFOPLIST_KEY_UIApplicationSceneManifest_Generation = YES;
				INFOPLIST_KEY_UIApplicationSupportsIndirectInputEvents = YES;
				INFOPLIST_KEY_UILaunchScreen_Generation = YES;
				INFOPLIST_KEY_UISupportedInterfaceOrientations_iPad = "UIInterfaceOrientationPortrait UIInterfaceOrientationPortraitUpsideDown UIInterfaceOrientationLandscapeLeft UIInterfaceOrientationLandscapeRight";
				INFOPLIST_KEY_UISupportedInterfaceOrientations_iPhone = "UIInterfaceOrientationPortrait UIInterfaceOrientationLandscapeLeft UIInterfaceOrientationLandscapeRight";
				LD_RUNPATH_SEARCH_PATHS = (
					"$(inherited)",
					"@executable_path/Frameworks",
				);
				MARKETING_VERSION = 1.0;
				PRODUCT_BUNDLE_IDENTIFIER = com.telmen.Beri;
				PRODUCT_NAME = "$(TARGET_NAME)";
				SWIFT_EMIT_LOC_STRINGS = YES;
				SWIFT_VERSION = 5.0;
				TARGETED_DEVICE_FAMILY = "1,2";
			};
			name = Debug;
		};
		AAD654F82E4B0FD60096A1E7 /* Release */ = {
			isa = XCBuildConfiguration;
			buildSettings = {
				ASSETCATALOG_COMPILER_APPICON_NAME = AppIcon;
				ASSETCATALOG_COMPILER_GLOBAL_ACCENT_COLOR_NAME = AccentColor;
				CODE_SIGN_ENTITLEMENTS = Beri/Beri.entitlements;
				CODE_SIGN_STYLE = Automatic;
				CURRENT_PROJECT_VERSION = 1;
				DEVELOPMENT_TEAM = CC45F3G586;
				ENABLE_PREVIEWS = YES;
				GENERATE_INFOPLIST_FILE = YES;
				INFOPLIST_KEY_UIApplicationSceneManifest_Generation = YES;
				INFOPLIST_KEY_UIApplicationSupportsIndirectInputEvents = YES;
				INFOPLIST_KEY_UILaunchScreen_Generation = YES;
				INFOPLIST_KEY_UISupportedInterfaceOrientations_iPad = "UIInterfaceOrientationPortrait UIInterfaceOrientationPortraitUpsideDown UIInterfaceOrientationLandscapeLeft UIInterfaceOrientationLandscapeRight";
				INFOPLIST_KEY_UISupportedInterfaceOrientations_iPhone = "UIInterfaceOrientationPortrait UIInterfaceOrientationLandscapeLeft UIInterfaceOrientationLandscapeRight";
				LD_RUNPATH_SEARCH_PATHS = (
					"$(inherited)",
					"@executable_path/Frameworks",
				);
				MARKETING_VERSION = 1.0;
				PRODUCT_BUNDLE_IDENTIFIER = com.telmen.Beri;
				PRODUCT_NAME = "$(TARGET_NAME)";
				SWIFT_EMIT_LOC_STRINGS = YES;
				SWIFT_VERSION = 5.0;
				TARGETED_DEVICE_FAMILY = "1,2";
			};
			name = Release;
		};
		AAD654FA2E4B0FD60096A1E7 /* Debug */ = {
			isa = XCBuildConfiguration;
			buildSettings = {
				BUNDLE_LOADER = "$(TEST_HOST)";
				CODE_SIGN_STYLE = Automatic;
				CURRENT_PROJECT_VERSION = 1;
				DEVELOPMENT_TEAM = CC45F3G586;
				GENERATE_INFOPLIST_FILE = YES;
				IPHONEOS_DEPLOYMENT_TARGET = 18.4;
				MARKETING_VERSION = 1.0;
				PRODUCT_BUNDLE_IDENTIFIER = com.telmen.BeriTests;
				PRODUCT_NAME = "$(TARGET_NAME)";
				SWIFT_EMIT_LOC_STRINGS = NO;
				SWIFT_VERSION = 5.0;
				TARGETED_DEVICE_FAMILY = "1,2";
				TEST_HOST = "$(BUILT_PRODUCTS_DIR)/Beri.app/$(BUNDLE_EXECUTABLE_FOLDER_PATH)/Beri";
			};
			name = Debug;
		};
		AAD654FB2E4B0FD60096A1E7 /* Release */ = {
			isa = XCBuildConfiguration;
			buildSettings = {
				BUNDLE_LOADER = "$(TEST_HOST)";
				CODE_SIGN_STYLE = Automatic;
				CURRENT_PROJECT_VERSION = 1;
				DEVELOPMENT_TEAM = CC45F3G586;
				GENERATE_INFOPLIST_FILE = YES;
				IPHONEOS_DEPLOYMENT_TARGET = 18.4;
				MARKETING_VERSION = 1.0;
				PRODUCT_BUNDLE_IDENTIFIER = com.telmen.BeriTests;
				PRODUCT_NAME = "$(TARGET_NAME)";
				SWIFT_EMIT_LOC_STRINGS = NO;
				SWIFT_VERSION = 5.0;
				TARGETED_DEVICE_FAMILY = "1,2";
				TEST_HOST = "$(BUILT_PRODUCTS_DIR)/Beri.app/$(BUNDLE_EXECUTABLE_FOLDER_PATH)/Beri";
			};
			name = Release;
		};
		AAD654FD2E4B0FD60096A1E7 /* Debug */ = {
			isa = XCBuildConfiguration;
			buildSettings = {
				CODE_SIGN_STYLE = Automatic;
				CURRENT_PROJECT_VERSION = 1;
				DEVELOPMENT_TEAM = CC45F3G586;
				GENERATE_INFOPLIST_FILE = YES;
				MARKETING_VERSION = 1.0;
				PRODUCT_BUNDLE_IDENTIFIER = com.telmen.BeriUITests;
				PRODUCT_NAME = "$(TARGET_NAME)";
				SWIFT_EMIT_LOC_STRINGS = NO;
				SWIFT_VERSION = 5.0;
				TARGETED_DEVICE_FAMILY = "1,2";
				TEST_TARGET_NAME = Beri;
			};
			name = Debug;
		};
		AAD654FE2E4B0FD60096A1E7 /* Release */ = {
			isa = XCBuildConfiguration;
			buildSettings = {
				CODE_SIGN_STYLE = Automatic;
				CURRENT_PROJECT_VERSION = 1;
				DEVELOPMENT_TEAM = CC45F3G586;
				GENERATE_INFOPLIST_FILE = YES;
				MARKETING_VERSION = 1.0;
				PRODUCT_BUNDLE_IDENTIFIER = com.telmen.BeriUITests;
				PRODUCT_NAME = "$(TARGET_NAME)";
				SWIFT_EMIT_LOC_STRINGS = NO;
				SWIFT_VERSION = 5.0;
				TARGETED_DEVICE_FAMILY = "1,2";
				TEST_TARGET_NAME = Beri;
			};
			name = Release;
		};
/* End XCBuildConfiguration section */

/* Begin XCConfigurationList section */
		AAD654D02E4B0FD40096A1E7 /* Build configuration list for PBXProject "Beri" */ = {
			isa = XCConfigurationList;
			buildConfigurations = (
				AAD654F42E4B0FD60096A1E7 /* Debug */,
				AAD654F52E4B0FD60096A1E7 /* Release */,
			);
			defaultConfigurationIsVisible = 0;
			defaultConfigurationName = Release;
		};
		AAD654F62E4B0FD60096A1E7 /* Build configuration list for PBXNativeTarget "Beri" */ = {
			isa = XCConfigurationList;
			buildConfigurations = (
				AAD654F72E4B0FD60096A1E7 /* Debug */,
				AAD654F82E4B0FD60096A1E7 /* Release */,
			);
			defaultConfigurationIsVisible = 0;
			defaultConfigurationName = Release;
		};
		AAD654F92E4B0FD60096A1E7 /* Build configuration list for PBXNativeTarget "BeriTests" */ = {
			isa = XCConfigurationList;
			buildConfigurations = (
				AAD654FA2E4B0FD60096A1E7 /* Debug */,
				AAD654FB2E4B0FD60096A1E7 /* Release */,
			);
			defaultConfigurationIsVisible = 0;
			defaultConfigurationName = Release;
		};
		AAD654FC2E4B0FD60096A1E7 /* Build configuration list for PBXNativeTarget "BeriUITests" */ = {
			isa = XCConfigurationList;
			buildConfigurations = (
				AAD654FD2E4B0FD60096A1E7 /* Debug */,
				AAD654FE2E4B0FD60096A1E7 /* Release */,
			);
			defaultConfigurationIsVisible = 0;
			defaultConfigurationName = Release;
		};
/* End XCConfigurationList section */
	};
	rootObject = AAD654CD2E4B0FD40096A1E7 /* Project object */;
}
